
Microsoft Visual Studio Solution File, Format Version 12.00
# Visual Studio Version 16
VisualStudioVersion = 16.0.31205.134
MinimumVisualStudioVersion = 10.0.40219.1
Project("{FAE04EC0-301F-11D3-BF4B-00C04F79EFBC}") = "LogInForm", "LogInForm\LogInForm.csproj", "{A05FDED1-B6A9-4294-AE5F-740A8DA98C7B}"
EndProject
Global
	GlobalSection(SolutionConfigurationPlatforms) = preSolution
		Debug|Any CPU = Debug|Any CPU
		Release|Any CPU = Release|Any CPU
	EndGlobalSection
	GlobalSection(ProjectConfigurationPlatforms) = postSolution
		{A05FDED1-B6A9-4294-AE5F-740A8DA98C7B}.Debug|Any CPU.ActiveCfg = Debug|Any CPU
		{A05FDED1-B6A9-4294-AE5F-740A8DA98C7B}.Debug|Any CPU.Build.0 = Debug|Any CPU
		{A05FDED1-B6A9-4294-AE5F-740A8DA98C7B}.Release|Any CPU.ActiveCfg = Release|Any CPU
		{A05FDED1-B6A9-4294-AE5F-740A8DA98C7B}.Release|Any CPU.Build.0 = Release|Any CPU
	EndGlobalSection
	GlobalSection(SolutionProperties) = preSolution
		HideSolutionNode = FALSE
	EndGlobalSection
	GlobalSection(ExtensibilityGlobals) = postSolution
		SolutionGuid = {2144186C-B2D5-47B2-A17D-61B6A4177934}
	EndGlobalSection
EndGlobal
